
Microsoft Visual Studio Solution File, Format Version 12.00
# Visual Studio Version 16
VisualStudioVersion = 16.0.31005.135
MinimumVisualStudioVersion = 10.0.40219.1
Project("{FAE04EC0-301F-11D3-BF4B-00C04F79EFBC}") = "NetCoreDemoApp", "NetCoreDemoApp.csproj", "{5603B6AA-D443-415D-B352-9BF3276D068E}"
EndProject
Global
	GlobalSection(SolutionConfigurationPlatforms) = preSolution
		Debug|Any CPU = Debug|Any CPU
		Release|Any CPU = Release|Any CPU
	EndGlobalSection
	GlobalSection(ProjectConfigurationPlatforms) = postSolution
		{5603B6AA-D443-415D-B352-9BF3276D068E}.Debug|Any CPU.ActiveCfg = Debug|Any CPU
		{5603B6AA-D443-415D-B352-9BF3276D068E}.Debug|Any CPU.Build.0 = Debug|Any CPU
		{5603B6AA-D443-415D-B352-9BF3276D068E}.Release|Any CPU.ActiveCfg = Release|Any CPU
		{5603B6AA-D443-415D-B352-9BF3276D068E}.Release|Any CPU.Build.0 = Release|Any CPU
	EndGlobalSection
	GlobalSection(SolutionProperties) = preSolution
		HideSolutionNode = FALSE
	EndGlobalSection
	GlobalSection(ExtensibilityGlobals) = postSolution
		SolutionGuid = {C4107852-5C10-433B-BB97-00F8087D24FA}
	EndGlobalSection
EndGlobal
